<Solution>
  <Folder Name="/phase-01-backend-foundations/">
    <Project Path="phase-01-backend-foundations/task-01-csharp-drills/task-01-csharp-drills.csproj" />
    <Project Path="phase-01-backend-foundations/task-02-bank-account-system/task-02-bank-account-system.csproj" />
    <Project Path="phase-01-backend-foundations/task-03-employee-management/task-03-employee-management.csproj" />
    <Project Path="phase-01-backend-foundations/task-04-product-catalog-linq/task-04-product-catalog-linq.csproj" />
  </Folder>
  <Folder Name="/phase-01-backend-foundations/task-00-setup/" />
  <Folder Name="/phase-01-backend-foundations/task-05-debug-refactor-pack/">
    <File Path="phase-01-backend-foundations/task-05-debug-refactor-pack/README.md" />
    <Project Path="phase-01-backend-foundations/task-05-debug-refactor-pack/Refactor/Refactor.csproj" />
  </Folder>
  <Folder Name="/phase-01-backend-foundations/task-06-sql-erd-starter/" />
  <Folder Name="/phase-01-backend-foundations/task-06-sql-erd-starter/LibraryManangmentSystemScenario/">
    <File Path="phase-01-backend-foundations/task-06-sql-erd-starter/LibraryManangmentSystem/Library Management System.pdf" />
    <File Path="phase-01-backend-foundations/task-06-sql-erd-starter/LibraryManangmentSystem/README.md" />
  </Folder>
  <Folder Name="/phase-01-backend-foundations/task-06-sql-erd-starter/StoreSystemScenario/">
    <File Path="phase-01-backend-foundations/task-06-sql-erd-starter/Simple Store &amp; Orders System/README.md" />
    <File Path="phase-01-backend-foundations/task-06-sql-erd-starter/Simple Store &amp; Orders System/Simple Store &amp; Orders System.pdf" />
  </Folder>
  <Folder Name="/phase-01-backend-foundations/task-06-sql-erd-starter/TrainingCenterManagementSystemScenario/">
    <File Path="phase-01-backend-foundations/task-06-sql-erd-starter/Training Center Management System/README.md" />
    <File Path="phase-01-backend-foundations/task-06-sql-erd-starter/Training Center Management System/Training Center Registration System.pdf" />
  </Folder>
  <Folder Name="/phase-01-backend-foundations/task-07-interview-answers/">
    <File Path="phase-01-backend-foundations/task-07-interview-answers/README.md" />
  </Folder>
  <Folder Name="/phase-02-web-api-basics/">
    <File Path="phase-02-web-api-basics/README.md" />
  </Folder>
  <Folder Name="/phase-02-web-api-basics/task-00-api-setup/" />
  <Folder Name="/phase-02-web-api-basics/task-01-rest-routing-drills/">
    <File Path="phase-02-web-api-basics/task-01-rest-routing-drills/README.md" />
    <Project Path="phase-02-web-api-basics/task-01-rest-routing-drills/ApiRoutingDrills/ApiRoutingDrills.csproj" Id="c5df7872-a705-42ee-bec0-560088c610a3" />
  </Folder>
  <Folder Name="/phase-02-web-api-basics/task-02-student-management-api/">
    <File Path="phase-02-web-api-basics/task-02-student-management-api/README.md" />
    <Project Path="phase-02-web-api-basics/task-02-student-management-api/StudentManagementAPI/StudentManagementAPI.csproj" Id="138ea243-0460-4f67-9467-42687f80bc15" />
  </Folder>
  <Folder Name="/phase-02-web-api-basics/task-03-products-categories-api/">
    <File Path="phase-02-web-api-basics/task-03-products-categories-api/README.md" />
    <Project Path="phase-02-web-api-basics/task-03-products-categories-api/Products&amp;CategoriesAPI/Products&amp;CategoriesAPI.csproj" Id="961c4cde-a2ba-41fa-9104-1ccd2707f30c" />
  </Folder>
  <Folder Name="/phase-02-web-api-basics/task-04-book-store-api/">
    <File Path="phase-02-web-api-basics/task-04-book-store-api/README.md" />
    <Project Path="phase-02-web-api-basics/task-04-book-store-api/Book Store API/Book Store API.csproj" Id="872288cc-87ce-4705-8a4f-9347b9274499" />
  </Folder>
  <Folder Name="/phase-02-web-api-basics/task-05-postman-swagger-evidence/">
    <File Path="phase-02-web-api-basics/task-05-postman-swagger-evidence/README.md" />
    <File Path="phase-02-web-api-basics/task-05-postman-swagger-evidence/TechMaster ASP.NET Phase 02.postman_collection.json" />
  </Folder>
  <Folder Name="/phase-02-web-api-basics/task-05-postman-swagger-evidence/Evidence/" />
  <Folder Name="/phase-02-web-api-basics/task-05-postman-swagger-evidence/Evidence/Postman/">
    <File Path="phase-02-web-api-basics/task-05-postman-swagger-evidence/Evidence/Postman/BookReportSummary.png" />
    <File Path="phase-02-web-api-basics/task-05-postman-swagger-evidence/Evidence/Postman/BookSerach.png" />
    <File Path="phase-02-web-api-basics/task-05-postman-swagger-evidence/Evidence/Postman/BusinessValidationerror.png" />
    <File Path="phase-02-web-api-basics/task-05-postman-swagger-evidence/Evidence/Postman/CreateBook.png" />
    <File Path="phase-02-web-api-basics/task-05-postman-swagger-evidence/Evidence/Postman/CreateProduct.png" />
    <File Path="phase-02-web-api-basics/task-05-postman-swagger-evidence/Evidence/Postman/CreateStudent.png" />
    <File Path="phase-02-web-api-basics/task-05-postman-swagger-evidence/Evidence/Postman/error-400.png" />
    <File Path="phase-02-web-api-basics/task-05-postman-swagger-evidence/Evidence/Postman/error-404.png" />
    <File Path="phase-02-web-api-basics/task-05-postman-swagger-evidence/Evidence/Postman/GetStudentById.png" />
    <File Path="phase-02-web-api-basics/task-05-postman-swagger-evidence/Evidence/Postman/GetStudents.png" />
    <File Path="phase-02-web-api-basics/task-05-postman-swagger-evidence/Evidence/Postman/ProductsLowStock.png" />
    <File Path="phase-02-web-api-basics/task-05-postman-swagger-evidence/Evidence/Postman/Searchproduct.png" />
    <File Path="phase-02-web-api-basics/task-05-postman-swagger-evidence/Evidence/Postman/UpdateStudent.png" />
  </Folder>
  <Folder Name="/phase-02-web-api-basics/task-05-postman-swagger-evidence/Evidence/Swagger/">
    <File Path="phase-02-web-api-basics/task-05-postman-swagger-evidence/Evidence/Swagger/BookCreate.png" />
    <File Path="phase-02-web-api-basics/task-05-postman-swagger-evidence/Evidence/Swagger/BookReportSummary.png" />
    <File Path="phase-02-web-api-basics/task-05-postman-swagger-evidence/Evidence/Swagger/CreateProduct.png" />
    <File Path="phase-02-web-api-basics/task-05-postman-swagger-evidence/Evidence/Swagger/CreateStudent.png" />
    <File Path="phase-02-web-api-basics/task-05-postman-swagger-evidence/Evidence/Swagger/GetStudentById.png" />
    <File Path="phase-02-web-api-basics/task-05-postman-swagger-evidence/Evidence/Swagger/GetStudents.png" />
    <File Path="phase-02-web-api-basics/task-05-postman-swagger-evidence/Evidence/Swagger/productlowstock.png" />
    <File Path="phase-02-web-api-basics/task-05-postman-swagger-evidence/Evidence/Swagger/SearchProduct.png" />
  </Folder>
  <Folder Name="/phase-02-web-api-basics/task-06-api-standards-refactor-pack/">
    <File Path="phase-02-web-api-basics/task-06-api-standards-refactor-pack/README.md" />
    <Project Path="phase-02-web-api-basics/task-06-api-standards-refactor-pack/task-06-api-standards-refactor-pack/task-06-api-standards-refactor-pack.csproj" Id="f8ba54c4-1787-4b0b-b434-66e0c4521e8d" />
  </Folder>
  <Folder Name="/phase-02-web-api-basics/task-07-interview-answers/">
    <File Path="phase-02-web-api-basics/task-07-interview-answers/README.md" />
  </Folder>
  <Folder Name="/problem-solving/" />
  <Folder Name="/problem-solving/Baseball Game/">
    <File Path="problem-solving/BaseBall/README.md" />
    <Project Path="problem-solving/BaseBall/Solution05/Solution05.csproj" />
  </Folder>
  <Folder Name="/problem-solving/Contains Duplicate/">
    <File Path="problem-solving/Contain Duplicates/README.md" />
    <Project Path="problem-solving/Contain Duplicates/Solution03/Solution03.csproj" />
  </Folder>
  <Folder Name="/problem-solving/Plus One/">
    <File Path="problem-solving/Plus One/README.md" />
    <Project Path="problem-solving/Plus One/Solution02/Solution02.csproj" />
  </Folder>
  <Folder Name="/problem-solving/RangeSumQuery/">
    <File Path="problem-solving/Range Sum Query/README.md" />
    <Project Path="Solution06/Solution06.csproj" Id="29fd11f4-a71b-4273-a884-467658949829" />
  </Folder>
  <Folder Name="/problem-solving/running-sum-of-1d-array/">
    <File Path="problem-solving/running-sum-of-1d-array/README.md" />
    <Project Path="problem-solving/running-sum-of-1d-array/Solution01/Solution01.csproj" />
  </Folder>
  <Folder Name="/problem-solving/Two Sum/">
    <File Path="problem-solving/Two Sum/README.md" />
    <Project Path="problem-solving/Two Sum/Solution04/Solution04.csproj" />
  </Folder>
  <Folder Name="/problem-solving/Valid Pranthesis/">
    <File Path="problem-solving/Valid Pranthesis/README.md" />
    <Project Path="Solution07/Solution07.csproj" Id="4d1c56e8-2acf-4f1d-8d23-ecf9c1f0860a" />
  </Folder>
  <Folder Name="/Solution Items/">
    <File Path=".gitignore" />
    <File Path="README.md" />
  </Folder>
</Solution>
